<?xml version="1.0" encoding="utf-8"?>
<Project ToolsVersion="4.0" xmlns="http://schemas.microsoft.com/developer/msbuild/2003">
  <ItemGroup>
    <Filter Include="LevelReader">
      <UniqueIdentifier>{f94a7406-2ac9-4167-8e87-07ff249ccd1d}</UniqueIdentifier>
    </Filter>
    <Filter Include="Base">
      <UniqueIdentifier>{1568402f-c660-426c-991a-f8fa275e0d72}</UniqueIdentifier>
    </Filter>
    <Filter Include="Components">
      <UniqueIdentifier>{485f2cfa-0b12-4e29-8b41-1e63a855b999}</UniqueIdentifier>
    </Filter>
    <Filter Include="StateMachine">
      <UniqueIdentifier>{00a5ab49-07cc-46d7-8cf5-62994757d8c2}</UniqueIdentifier>
    </Filter>
  </ItemGroup>
  <ItemGroup>
    <ClInclude Include="PlayerController.h">
      <Filter>Components</Filter>
    </ClInclude>
    <ClInclude Include="States.h">
      <Filter>StateMachine</Filter>
    </ClInclude>
    <ClInclude Include="DiggerGame.h">
      <Filter>Base</Filter>
    </ClInclude>
  </ItemGroup>
  <ItemGroup>
    <ClCompile Include="main.cpp">
      <Filter>Base</Filter>
    </ClCompile>
    <ClCompile Include="PlayerController.cpp">
      <Filter>Components</Filter>
    </ClCompile>
    <ClCompile Include="States.cpp">
      <Filter>StateMachine</Filter>
    </ClCompile>
    <ClCompile Include="DiggerGame.cpp">
      <Filter>Base</Filter>
    </ClCompile>
  </ItemGroup>
</Project>